// !$*UTF8*$!
{
	archiveVersion = 1;
	classes = {
	};
	objectVersion = 56;
	objects = {

/* Begin PBXBuildFile section */
		970272F02AC9BABF006282AB /* ContentView.swift in Sources */ = {isa = PBXBuildFile; fileRef = 970272ED2AC9BABF006282AB /* ContentView.swift */; };
		970272F12AC9BABF006282AB /* App.swift in Sources */ = {isa = PBXBuildFile; fileRef = 970272EE2AC9BABF006282AB /* App.swift */; };
		970272F22AC9BABF006282AB /* Item.swift in Sources */ = {isa = PBXBuildFile; fileRef = 970272EF2AC9BABF006282AB /* Item.swift */; };
		970272F42AC9BAC9006282AB /* Assets.xcassets in Resources */ = {isa = PBXBuildFile; fileRef = 970272F32AC9BAC9006282AB /* Assets.xcassets */; };
		970272F72AC9BAF4006282AB /* Preview Assets.xcassets in Resources */ = {isa = PBXBuildFile; fileRef = 970272F62AC9BAF4006282AB /* Preview Assets.xcassets */; };
		970272FA2AC9BCC5006282AB /* Constants.swift in Sources */ = {isa = PBXBuildFile; fileRef = 970272F92AC9BCC5006282AB /* Constants.swift */; };
		970272FE2AC9BEF5006282AB /* SignInView.swift in Sources */ = {isa = PBXBuildFile; fileRef = 970272FD2AC9BEF5006282AB /* SignInView.swift */; };
		970273002AC9C977006282AB /* Entities.swift in Sources */ = {isa = PBXBuildFile; fileRef = 970272FF2AC9C977006282AB /* Entities.swift */; };
		970273032AC9CCCC006282AB /* ComponentViews.swift in Sources */ = {isa = PBXBuildFile; fileRef = 970273022AC9CCCC006282AB /* ComponentViews.swift */; };
		970273052AC9F6E1006282AB /* Enums.swift in Sources */ = {isa = PBXBuildFile; fileRef = 970273042AC9F6E1006282AB /* Enums.swift */; };
		970273092ACA0BE0006282AB /* SettingsView.swift in Sources */ = {isa = PBXBuildFile; fileRef = 970273082ACA0BE0006282AB /* SettingsView.swift */; };
		97360F642ACBAC4800C8F51C /* GalleryView.swift in Sources */ = {isa = PBXBuildFile; fileRef = 97360F632ACBAC4800C8F51C /* GalleryView.swift */; };
		97E03FB72ACA1B2200FCF810 /* PhotosView.swift in Sources */ = {isa = PBXBuildFile; fileRef = 97E03FB62ACA1B2200FCF810 /* PhotosView.swift */; };
		97E03FB92ACA1C6E00FCF810 /* DataSource.swift in Sources */ = {isa = PBXBuildFile; fileRef = 97E03FB82ACA1C6E00FCF810 /* DataSource.swift */; };
		97E03FBB2ACA1DB800FCF810 /* PhotosViewModel.swift in Sources */ = {isa = PBXBuildFile; fileRef = 97E03FBA2ACA1DB800FCF810 /* PhotosViewModel.swift */; };
/* End PBXBuildFile section */

/* Begin PBXFileReference section */
		970272ED2AC9BABF006282AB /* ContentView.swift */ = {isa = PBXFileReference; fileEncoding = 4; lastKnownFileType = sourcecode.swift; path = ContentView.swift; sourceTree = "<group>"; };
		970272EE2AC9BABF006282AB /* App.swift */ = {isa = PBXFileReference; fileEncoding = 4; lastKnownFileType = sourcecode.swift; path = App.swift; sourceTree = "<group>"; };
		970272EF2AC9BABF006282AB /* Item.swift */ = {isa = PBXFileReference; fileEncoding = 4; lastKnownFileType = sourcecode.swift; path = Item.swift; sourceTree = "<group>"; };
		970272F32AC9BAC9006282AB /* Assets.xcassets */ = {isa = PBXFileReference; lastKnownFileType = folder.assetcatalog; path = Assets.xcassets; sourceTree = "<group>"; };
		970272F62AC9BAF4006282AB /* Preview Assets.xcassets */ = {isa = PBXFileReference; lastKnownFileType = folder.assetcatalog; path = "Preview Assets.xcassets"; sourceTree = "<group>"; };
		970272F92AC9BCC5006282AB /* Constants.swift */ = {isa = PBXFileReference; lastKnownFileType = sourcecode.swift; path = Constants.swift; sourceTree = "<group>"; };
		970272FD2AC9BEF5006282AB /* SignInView.swift */ = {isa = PBXFileReference; lastKnownFileType = sourcecode.swift; path = SignInView.swift; sourceTree = "<group>"; };
		970272FF2AC9C977006282AB /* Entities.swift */ = {isa = PBXFileReference; lastKnownFileType = sourcecode.swift; path = Entities.swift; sourceTree = "<group>"; };
		970273022AC9CCCC006282AB /* ComponentViews.swift */ = {isa = PBXFileReference; lastKnownFileType = sourcecode.swift; path = ComponentViews.swift; sourceTree = "<group>"; };
		970273042AC9F6E1006282AB /* Enums.swift */ = {isa = PBXFileReference; lastKnownFileType = sourcecode.swift; path = Enums.swift; sourceTree = "<group>"; };
		970273082ACA0BE0006282AB /* SettingsView.swift */ = {isa = PBXFileReference; lastKnownFileType = sourcecode.swift; path = SettingsView.swift; sourceTree = "<group>"; };
		97360F632ACBAC4800C8F51C /* GalleryView.swift */ = {isa = PBXFileReference; lastKnownFileType = sourcecode.swift; path = GalleryView.swift; sourceTree = "<group>"; };
		9748919E2AC9BA6800DBFFA8 /* Honeycomb.app */ = {isa = PBXFileReference; explicitFileType = wrapper.application; includeInIndex = 0; path = Honeycomb.app; sourceTree = BUILT_PRODUCTS_DIR; };
		97E03FB62ACA1B2200FCF810 /* PhotosView.swift */ = {isa = PBXFileReference; lastKnownFileType = sourcecode.swift; path = PhotosView.swift; sourceTree = "<group>"; };
		97E03FB82ACA1C6E00FCF810 /* DataSource.swift */ = {isa = PBXFileReference; lastKnownFileType = sourcecode.swift; path = DataSource.swift; sourceTree = "<group>"; };
		97E03FBA2ACA1DB800FCF810 /* PhotosViewModel.swift */ = {isa = PBXFileReference; lastKnownFileType = sourcecode.swift; path = PhotosViewModel.swift; sourceTree = "<group>"; };
/* End PBXFileReference section */

/* Begin PBXFrameworksBuildPhase section */
		9748919B2AC9BA6800DBFFA8 /* Frameworks */ = {
			isa = PBXFrameworksBuildPhase;
			buildActionMask = 2147483647;
			files = (
			);
			runOnlyForDeploymentPostprocessing = 0;
		};
/* End PBXFrameworksBuildPhase section */

/* Begin PBXGroup section */
		970272F52AC9BAF4006282AB /* Preview Content */ = {
			isa = PBXGroup;
			children = (
				970272F62AC9BAF4006282AB /* Preview Assets.xcassets */,
			);
			path = "Preview Content";
			sourceTree = "<group>";
		};
		970272F82AC9BCBB006282AB /* Model */ = {
			isa = PBXGroup;
			children = (
				970272F92AC9BCC5006282AB /* Constants.swift */,
				97E03FB82ACA1C6E00FCF810 /* DataSource.swift */,
				970272FF2AC9C977006282AB /* Entities.swift */,
				970273042AC9F6E1006282AB /* Enums.swift */,
				97E03FBA2ACA1DB800FCF810 /* PhotosViewModel.swift */,
			);
			path = Model;
			sourceTree = "<group>";
		};
		970272FC2AC9BED2006282AB /* View */ = {
			isa = PBXGroup;
			children = (
				970273022AC9CCCC006282AB /* ComponentViews.swift */,
				97360F632ACBAC4800C8F51C /* GalleryView.swift */,
				97E03FB62ACA1B2200FCF810 /* PhotosView.swift */,
				970272FD2AC9BEF5006282AB /* SignInView.swift */,
				970273082ACA0BE0006282AB /* SettingsView.swift */,
			);
			path = View;
			sourceTree = "<group>";
		};
		974891952AC9BA6800DBFFA8 = {
			isa = PBXGroup;
			children = (
				970272F82AC9BCBB006282AB /* Model */,
				970272FC2AC9BED2006282AB /* View */,
				970272EE2AC9BABF006282AB /* App.swift */,
				970272ED2AC9BABF006282AB /* ContentView.swift */,
				970272EF2AC9BABF006282AB /* Item.swift */,
				970272F32AC9BAC9006282AB /* Assets.xcassets */,
				970272F52AC9BAF4006282AB /* Preview Content */,
				9748919F2AC9BA6800DBFFA8 /* Products */,
			);
			sourceTree = "<group>";
		};
		9748919F2AC9BA6800DBFFA8 /* Products */ = {
			isa = PBXGroup;
			children = (
				9748919E2AC9BA6800DBFFA8 /* Honeycomb.app */,
			);
			name = Products;
			sourceTree = "<group>";
		};
/* End PBXGroup section */

/* Begin PBXNativeTarget section */
		9748919D2AC9BA6800DBFFA8 /* Honeycomb */ = {
			isa = PBXNativeTarget;
			buildConfigurationList = 974891AE2AC9BA6800DBFFA8 /* Build configuration list for PBXNativeTarget "Honeycomb" */;
			buildPhases = (
				970272FB2AC9BDAF006282AB /* ShellScript */,
				9748919A2AC9BA6800DBFFA8 /* Sources */,
				9748919B2AC9BA6800DBFFA8 /* Frameworks */,
				9748919C2AC9BA6800DBFFA8 /* Resources */,
			);
			buildRules = (
			);
			dependencies = (
			);
			name = Honeycomb;
			productName = Honeycomb;
			productReference = 9748919E2AC9BA6800DBFFA8 /* Honeycomb.app */;
			productType = "com.apple.product-type.application";
		};
/* End PBXNativeTarget section */

/* Begin PBXProject section */
		974891962AC9BA6800DBFFA8 /* Project object */ = {
			isa = PBXProject;
			attributes = {
				BuildIndependentTargetsInParallel = 1;
				LastSwiftUpdateCheck = 1500;
				LastUpgradeCheck = 1500;
				TargetAttributes = {
					9748919D2AC9BA6800DBFFA8 = {
						CreatedOnToolsVersion = 15.0;
					};
				};
			};
			buildConfigurationList = 974891992AC9BA6800DBFFA8 /* Build configuration list for PBXProject "Honeycomb" */;
			compatibilityVersion = "Xcode 14.0";
			developmentRegion = en;
			hasScannedForEncodings = 0;
			knownRegions = (
				en,
				Base,
			);
			mainGroup = 974891952AC9BA6800DBFFA8;
			productRefGroup = 9748919F2AC9BA6800DBFFA8 /* Products */;
			projectDirPath = "";
			projectRoot = "";
			targets = (
				9748919D2AC9BA6800DBFFA8 /* Honeycomb */,
			);
		};
/* End PBXProject section */

/* Begin PBXResourcesBuildPhase section */
		9748919C2AC9BA6800DBFFA8 /* Resources */ = {
			isa = PBXResourcesBuildPhase;
			buildActionMask = 2147483647;
			files = (
				970272F72AC9BAF4006282AB /* Preview Assets.xcassets in Resources */,
				970272F42AC9BAC9006282AB /* Assets.xcassets in Resources */,
			);
			runOnlyForDeploymentPostprocessing = 0;
		};
/* End PBXResourcesBuildPhase section */

/* Begin PBXShellScriptBuildPhase section */
		970272FB2AC9BDAF006282AB /* ShellScript */ = {
			isa = PBXShellScriptBuildPhase;
			alwaysOutOfDate = 1;
			buildActionMask = 2147483647;
			files = (
			);
			inputFileListPaths = (
			);
			inputPaths = (
			);
			outputFileListPaths = (
			);
			outputPaths = (
			);
			runOnlyForDeploymentPostprocessing = 0;
			shellPath = /bin/sh;
			shellScript = "if [[ \"$(uname -m)\" == arm64 ]]; then\n    export PATH=\"/opt/homebrew/bin:$PATH\"\nfi\n\nif which swiftlint > /dev/null; then\n  swiftlint\nelse\n  echo \"warning: SwiftLint not installed, download from https://github.com/realm/SwiftLint\"\nfi\n";
		};
/* End PBXShellScriptBuildPhase section */

/* Begin PBXSourcesBuildPhase section */
		9748919A2AC9BA6800DBFFA8 /* Sources */ = {
			isa = PBXSourcesBuildPhase;
			buildActionMask = 2147483647;
			files = (
				970273002AC9C977006282AB /* Entities.swift in Sources */,
				970272F12AC9BABF006282AB /* App.swift in Sources */,
				970272F02AC9BABF006282AB /* ContentView.swift in Sources */,
				970273092ACA0BE0006282AB /* SettingsView.swift in Sources */,
				97360F642ACBAC4800C8F51C /* GalleryView.swift in Sources */,
				970272FA2AC9BCC5006282AB /* Constants.swift in Sources */,
				970273032AC9CCCC006282AB /* ComponentViews.swift in Sources */,
				970272F22AC9BABF006282AB /* Item.swift in Sources */,
				97E03FB72ACA1B2200FCF810 /* PhotosView.swift in Sources */,
				970273052AC9F6E1006282AB /* Enums.swift in Sources */,
				97E03FBB2ACA1DB800FCF810 /* PhotosViewModel.swift in Sources */,
				97E03FB92ACA1C6E00FCF810 /* DataSource.swift in Sources */,
				970272FE2AC9BEF5006282AB /* SignInView.swift in Sources */,
			);
			runOnlyForDeploymentPostprocessing = 0;
		};
/* End PBXSourcesBuildPhase section */

/* Begin XCBuildConfiguration section */
		974891AC2AC9BA6800DBFFA8 /* Debug */ = {
			isa = XCBuildConfiguration;
			buildSettings = {
				ALWAYS_SEARCH_USER_PATHS = NO;
				ASSETCATALOG_COMPILER_GENERATE_SWIFT_ASSET_SYMBOL_EXTENSIONS = YES;
				CLANG_ANALYZER_NONNULL = YES;
				CLANG_ANALYZER_NUMBER_OBJECT_CONVERSION = YES_AGGRESSIVE;
				CLANG_CXX_LANGUAGE_STANDARD = "gnu++20";
				CLANG_ENABLE_MODULES = YES;
				CLANG_ENABLE_OBJC_ARC = YES;
				CLANG_ENABLE_OBJC_WEAK = YES;
				CLANG_WARN_BLOCK_CAPTURE_AUTORELEASING = YES;
				CLANG_WARN_BOOL_CONVERSION = YES;
				CLANG_WARN_COMMA = YES;
				CLANG_WARN_CONSTANT_CONVERSION = YES;
				CLANG_WARN_DEPRECATED_OBJC_IMPLEMENTATIONS = YES;
				CLANG_WARN_DIRECT_OBJC_ISA_USAGE = YES_ERROR;
				CLANG_WARN_DOCUMENTATION_COMMENTS = YES;
				CLANG_WARN_EMPTY_BODY = YES;
				CLANG_WARN_ENUM_CONVERSION = YES;
				CLANG_WARN_INFINITE_RECURSION = YES;
				CLANG_WARN_INT_CONVERSION = YES;
				CLANG_WARN_NON_LITERAL_NULL_CONVERSION = YES;
				CLANG_WARN_OBJC_IMPLICIT_RETAIN_SELF = YES;
				CLANG_WARN_OBJC_LITERAL_CONVERSION = YES;
				CLANG_WARN_OBJC_ROOT_CLASS = YES_ERROR;
				CLANG_WARN_QUOTED_INCLUDE_IN_FRAMEWORK_HEADER = YES;
				CLANG_WARN_RANGE_LOOP_ANALYSIS = YES;
				CLANG_WARN_STRICT_PROTOTYPES = YES;
				CLANG_WARN_SUSPICIOUS_MOVE = YES;
				CLANG_WARN_UNGUARDED_AVAILABILITY = YES_AGGRESSIVE;
				CLANG_WARN_UNREACHABLE_CODE = YES;
				CLANG_WARN__DUPLICATE_METHOD_MATCH = YES;
				COPY_PHASE_STRIP = NO;
				DEBUG_INFORMATION_FORMAT = dwarf;
				ENABLE_STRICT_OBJC_MSGSEND = YES;
				ENABLE_TESTABILITY = YES;
				ENABLE_USER_SCRIPT_SANDBOXING = NO;
				GCC_C_LANGUAGE_STANDARD = gnu17;
				GCC_DYNAMIC_NO_PIC = NO;
				GCC_NO_COMMON_BLOCKS = YES;
				GCC_OPTIMIZATION_LEVEL = 0;
				GCC_PREPROCESSOR_DEFINITIONS = (
					"DEBUG=1",
					"$(inherited)",
				);
				GCC_WARN_64_TO_32_BIT_CONVERSION = YES;
				GCC_WARN_ABOUT_RETURN_TYPE = YES_ERROR;
				GCC_WARN_UNDECLARED_SELECTOR = YES;
				GCC_WARN_UNINITIALIZED_AUTOS = YES_AGGRESSIVE;
				GCC_WARN_UNUSED_FUNCTION = YES;
				GCC_WARN_UNUSED_VARIABLE = YES;
				IPHONEOS_DEPLOYMENT_TARGET = 17.0;
				LOCALIZATION_PREFERS_STRING_CATALOGS = YES;
				MTL_ENABLE_DEBUG_INFO = INCLUDE_SOURCE;
				MTL_FAST_MATH = YES;
				ONLY_ACTIVE_ARCH = YES;
				SDKROOT = iphoneos;
				SWIFT_ACTIVE_COMPILATION_CONDITIONS = "DEBUG $(inherited)";
				SWIFT_OPTIMIZATION_LEVEL = "-Onone";
			};
			name = Debug;
		};
		974891AD2AC9BA6800DBFFA8 /* Release */ = {
			isa = XCBuildConfiguration;
			buildSettings = {
				ALWAYS_SEARCH_USER_PATHS = NO;
				ASSETCATALOG_COMPILER_GENERATE_SWIFT_ASSET_SYMBOL_EXTENSIONS = YES;
				CLANG_ANALYZER_NONNULL = YES;
				CLANG_ANALYZER_NUMBER_OBJECT_CONVERSION = YES_AGGRESSIVE;
				CLANG_CXX_LANGUAGE_STANDARD = "gnu++20";
				CLANG_ENABLE_MODULES = YES;
				CLANG_ENABLE_OBJC_ARC = YES;
				CLANG_ENABLE_OBJC_WEAK = YES;
				CLANG_WARN_BLOCK_CAPTURE_AUTORELEASING = YES;
				CLANG_WARN_BOOL_CONVERSION = YES;
				CLANG_WARN_COMMA = YES;
				CLANG_WARN_CONSTANT_CONVERSION = YES;
				CLANG_WARN_DEPRECATED_OBJC_IMPLEMENTATIONS = YES;
				CLANG_WARN_DIRECT_OBJC_ISA_USAGE = YES_ERROR;
				CLANG_WARN_DOCUMENTATION_COMMENTS = YES;
				CLANG_WARN_EMPTY_BODY = YES;
				CLANG_WARN_ENUM_CONVERSION = YES;
				CLANG_WARN_INFINITE_RECURSION = YES;
				CLANG_WARN_INT_CONVERSION = YES;
				CLANG_WARN_NON_LITERAL_NULL_CONVERSION = YES;
				CLANG_WARN_OBJC_IMPLICIT_RETAIN_SELF = YES;
				CLANG_WARN_OBJC_LITERAL_CONVERSION = YES;
				CLANG_WARN_OBJC_ROOT_CLASS = YES_ERROR;
				CLANG_WARN_QUOTED_INCLUDE_IN_FRAMEWORK_HEADER = YES;
				CLANG_WARN_RANGE_LOOP_ANALYSIS = YES;
				CLANG_WARN_STRICT_PROTOTYPES = YES;
				CLANG_WARN_SUSPICIOUS_MOVE = YES;
				CLANG_WARN_UNGUARDED_AVAILABILITY = YES_AGGRESSIVE;
				CLANG_WARN_UNREACHABLE_CODE = YES;
				CLANG_WARN__DUPLICATE_METHOD_MATCH = YES;
				COPY_PHASE_STRIP = NO;
				DEBUG_INFORMATION_FORMAT = "dwarf-with-dsym";
				ENABLE_NS_ASSERTIONS = NO;
				ENABLE_STRICT_OBJC_MSGSEND = YES;
				ENABLE_USER_SCRIPT_SANDBOXING = NO;
				GCC_C_LANGUAGE_STANDARD = gnu17;
				GCC_NO_COMMON_BLOCKS = YES;
				GCC_WARN_64_TO_32_BIT_CONVERSION = YES;
				GCC_WARN_ABOUT_RETURN_TYPE = YES_ERROR;
				GCC_WARN_UNDECLARED_SELECTOR = YES;
				GCC_WARN_UNINITIALIZED_AUTOS = YES_AGGRESSIVE;
				GCC_WARN_UNUSED_FUNCTION = YES;
				GCC_WARN_UNUSED_VARIABLE = YES;
				IPHONEOS_DEPLOYMENT_TARGET = 17.0;
				LOCALIZATION_PREFERS_STRING_CATALOGS = YES;
				MTL_ENABLE_DEBUG_INFO = NO;
				MTL_FAST_MATH = YES;
				SDKROOT = iphoneos;
				SWIFT_COMPILATION_MODE = wholemodule;
				VALIDATE_PRODUCT = YES;
			};
			name = Release;
		};
		974891AF2AC9BA6800DBFFA8 /* Debug */ = {
			isa = XCBuildConfiguration;
			buildSettings = {
				ASSETCATALOG_COMPILER_APPICON_NAME = AppIcon;
				ASSETCATALOG_COMPILER_GLOBAL_ACCENT_COLOR_NAME = AccentColor;
				CODE_SIGN_STYLE = Automatic;
				CURRENT_PROJECT_VERSION = 1;
				DEVELOPMENT_ASSET_PATHS = "\"Preview Content\"";
				DEVELOPMENT_TEAM = L7HWM3SP3L;
				ENABLE_PREVIEWS = YES;
				GENERATE_INFOPLIST_FILE = YES;
				INFOPLIST_KEY_UIApplicationSceneManifest_Generation = YES;
				INFOPLIST_KEY_UIApplicationSupportsIndirectInputEvents = YES;
				INFOPLIST_KEY_UILaunchScreen_Generation = YES;
				INFOPLIST_KEY_UISupportedInterfaceOrientations_iPad = "UIInterfaceOrientationPortrait UIInterfaceOrientationPortraitUpsideDown UIInterfaceOrientationLandscapeLeft UIInterfaceOrientationLandscapeRight";
				INFOPLIST_KEY_UISupportedInterfaceOrientations_iPhone = "UIInterfaceOrientationPortrait UIInterfaceOrientationLandscapeLeft UIInterfaceOrientationLandscapeRight";
				LD_RUNPATH_SEARCH_PATHS = (
					"$(inherited)",
					"@executable_path/Frameworks",
				);
				MARKETING_VERSION = 1.0;
				PRODUCT_BUNDLE_IDENTIFIER = dev.chrisli.Honeycomb;
				PRODUCT_NAME = "$(TARGET_NAME)";
				SWIFT_EMIT_LOC_STRINGS = YES;
				SWIFT_VERSION = 5.0;
				TARGETED_DEVICE_FAMILY = "1,2";
			};
			name = Debug;
		};
		974891B02AC9BA6800DBFFA8 /* Release */ = {
			isa = XCBuildConfiguration;
			buildSettings = {
				ASSETCATALOG_COMPILER_APPICON_NAME = AppIcon;
				ASSETCATALOG_COMPILER_GLOBAL_ACCENT_COLOR_NAME = AccentColor;
				CODE_SIGN_STYLE = Automatic;
				CURRENT_PROJECT_VERSION = 1;
				DEVELOPMENT_ASSET_PATHS = "\"Preview Content\"";
				DEVELOPMENT_TEAM = L7HWM3SP3L;
				ENABLE_PREVIEWS = YES;
				GENERATE_INFOPLIST_FILE = YES;
				INFOPLIST_KEY_UIApplicationSceneManifest_Generation = YES;
				INFOPLIST_KEY_UIApplicationSupportsIndirectInputEvents = YES;
				INFOPLIST_KEY_UILaunchScreen_Generation = YES;
				INFOPLIST_KEY_UISupportedInterfaceOrientations_iPad = "UIInterfaceOrientationPortrait UIInterfaceOrientationPortraitUpsideDown UIInterfaceOrientationLandscapeLeft UIInterfaceOrientationLandscapeRight";
				INFOPLIST_KEY_UISupportedInterfaceOrientations_iPhone = "UIInterfaceOrientationPortrait UIInterfaceOrientationLandscapeLeft UIInterfaceOrientationLandscapeRight";
				LD_RUNPATH_SEARCH_PATHS = (
					"$(inherited)",
					"@executable_path/Frameworks",
				);
				MARKETING_VERSION = 1.0;
				PRODUCT_BUNDLE_IDENTIFIER = dev.chrisli.Honeycomb;
				PRODUCT_NAME = "$(TARGET_NAME)";
				SWIFT_EMIT_LOC_STRINGS = YES;
				SWIFT_VERSION = 5.0;
				TARGETED_DEVICE_FAMILY = "1,2";
			};
			name = Release;
		};
/* End XCBuildConfiguration section */

/* Begin XCConfigurationList section */
		974891992AC9BA6800DBFFA8 /* Build configuration list for PBXProject "Honeycomb" */ = {
			isa = XCConfigurationList;
			buildConfigurations = (
				974891AC2AC9BA6800DBFFA8 /* Debug */,
				974891AD2AC9BA6800DBFFA8 /* Release */,
			);
			defaultConfigurationIsVisible = 0;
			defaultConfigurationName = Release;
		};
		974891AE2AC9BA6800DBFFA8 /* Build configuration list for PBXNativeTarget "Honeycomb" */ = {
			isa = XCConfigurationList;
			buildConfigurations = (
				974891AF2AC9BA6800DBFFA8 /* Debug */,
				974891B02AC9BA6800DBFFA8 /* Release */,
			);
			defaultConfigurationIsVisible = 0;
			defaultConfigurationName = Release;
		};
/* End XCConfigurationList section */
	};
	rootObject = 974891962AC9BA6800DBFFA8 /* Project object */;
}
