// !$*UTF8*$!
{
	archiveVersion = 1;
	classes = {
	};
	objectVersion = 56;
	objects = {

/* Begin PBXBuildFile section */
		970272F12AC9BABF006282AB /* App.swift in Sources */ = {isa = PBXBuildFile; fileRef = 970272EE2AC9BABF006282AB /* App.swift */; };
		970272F42AC9BAC9006282AB /* Assets.xcassets in Resources */ = {isa = PBXBuildFile; fileRef = 970272F32AC9BAC9006282AB /* Assets.xcassets */; };
		970272F72AC9BAF4006282AB /* Preview Assets.xcassets in Resources */ = {isa = PBXBuildFile; fileRef = 970272F62AC9BAF4006282AB /* Preview Assets.xcassets */; };
		970272FA2AC9BCC5006282AB /* Constants.swift in Sources */ = {isa = PBXBuildFile; fileRef = 970272F92AC9BCC5006282AB /* Constants.swift */; };
		970272FE2AC9BEF5006282AB /* SignInView.swift in Sources */ = {isa = PBXBuildFile; fileRef = 970272FD2AC9BEF5006282AB /* SignInView.swift */; };
		970273002AC9C977006282AB /* Entities.swift in Sources */ = {isa = PBXBuildFile; fileRef = 970272FF2AC9C977006282AB /* Entities.swift */; };
		970273032AC9CCCC006282AB /* ComponentViews.swift in Sources */ = {isa = PBXBuildFile; fileRef = 970273022AC9CCCC006282AB /* ComponentViews.swift */; };
		970273052AC9F6E1006282AB /* Enums.swift in Sources */ = {isa = PBXBuildFile; fileRef = 970273042AC9F6E1006282AB /* Enums.swift */; };
		970273092ACA0BE0006282AB /* SettingsView.swift in Sources */ = {isa = PBXBuildFile; fileRef = 970273082ACA0BE0006282AB /* SettingsView.swift */; };
		97360F642ACBAC4800C8F51C /* GalleryView.swift in Sources */ = {isa = PBXBuildFile; fileRef = 97360F632ACBAC4800C8F51C /* GalleryView.swift */; };
		974FEE402B2604B600F2A56A /* WidgetKit.framework in Frameworks */ = {isa = PBXBuildFile; fileRef = 974FEE3F2B2604B600F2A56A /* WidgetKit.framework */; };
		974FEE422B2604B600F2A56A /* SwiftUI.framework in Frameworks */ = {isa = PBXBuildFile; fileRef = 974FEE412B2604B600F2A56A /* SwiftUI.framework */; };
		974FEE452B2604B700F2A56A /* WidgetBundle.swift in Sources */ = {isa = PBXBuildFile; fileRef = 974FEE442B2604B700F2A56A /* WidgetBundle.swift */; };
		974FEE472B2604B700F2A56A /* ItemCount.swift in Sources */ = {isa = PBXBuildFile; fileRef = 974FEE462B2604B700F2A56A /* ItemCount.swift */; };
		974FEE492B2604B700F2A56A /* Assets.xcassets in Resources */ = {isa = PBXBuildFile; fileRef = 974FEE482B2604B700F2A56A /* Assets.xcassets */; };
		974FEE4D2B2604B700F2A56A /* WidgetExtension.appex in Embed Foundation Extensions */ = {isa = PBXBuildFile; fileRef = 974FEE3D2B2604B600F2A56A /* WidgetExtension.appex */; settings = {ATTRIBUTES = (RemoveHeadersOnCopy, ); }; };
		974FEE5C2B264E5400F2A56A /* DataModels.swift in Sources */ = {isa = PBXBuildFile; fileRef = 974FEE5B2B264E5400F2A56A /* DataModels.swift */; };
		974FEE5D2B264E8000F2A56A /* DataModels.swift in Sources */ = {isa = PBXBuildFile; fileRef = 974FEE5B2B264E5400F2A56A /* DataModels.swift */; };
		974FEE602B265E3100F2A56A /* ServerConfig.swift in Sources */ = {isa = PBXBuildFile; fileRef = 974FEE5F2B265E3100F2A56A /* ServerConfig.swift */; };
		974FEE612B265EBD00F2A56A /* JSONDecoder.swift in Sources */ = {isa = PBXBuildFile; fileRef = 97CB459B2B250550007AB339 /* JSONDecoder.swift */; };
		974FEE622B265EE200F2A56A /* ServerConfig.swift in Sources */ = {isa = PBXBuildFile; fileRef = 974FEE5F2B265E3100F2A56A /* ServerConfig.swift */; };
		97CB459C2B250550007AB339 /* JSONDecoder.swift in Sources */ = {isa = PBXBuildFile; fileRef = 97CB459B2B250550007AB339 /* JSONDecoder.swift */; };
		97D513862B1046DF00BBCF64 /* AddServerView.swift in Sources */ = {isa = PBXBuildFile; fileRef = 97D513852B1046DF00BBCF64 /* AddServerView.swift */; };
		97E03FB72ACA1B2200FCF810 /* PhotosView.swift in Sources */ = {isa = PBXBuildFile; fileRef = 97E03FB62ACA1B2200FCF810 /* PhotosView.swift */; };
		97E03FB92ACA1C6E00FCF810 /* DataSource.swift in Sources */ = {isa = PBXBuildFile; fileRef = 97E03FB82ACA1C6E00FCF810 /* DataSource.swift */; };
		97E03FBB2ACA1DB800FCF810 /* PhotosViewModel.swift in Sources */ = {isa = PBXBuildFile; fileRef = 97E03FBA2ACA1DB800FCF810 /* PhotosViewModel.swift */; };
		97E8098F2AD2E4F300A27AF3 /* AlbumsView.swift in Sources */ = {isa = PBXBuildFile; fileRef = 97E8098E2AD2E4F300A27AF3 /* AlbumsView.swift */; };
		97E809912AD38D9200A27AF3 /* AlbumsViewModel.swift in Sources */ = {isa = PBXBuildFile; fileRef = 97E809902AD38D9200A27AF3 /* AlbumsViewModel.swift */; };
/* End PBXBuildFile section */

/* Begin PBXContainerItemProxy section */
		974FEE4B2B2604B700F2A56A /* PBXContainerItemProxy */ = {
			isa = PBXContainerItemProxy;
			containerPortal = 974891962AC9BA6800DBFFA8 /* Project object */;
			proxyType = 1;
			remoteGlobalIDString = 974FEE3C2B2604B600F2A56A;
			remoteInfo = WidgetExtension;
		};
/* End PBXContainerItemProxy section */

/* Begin PBXCopyFilesBuildPhase section */
		974FEE4E2B2604B800F2A56A /* Embed Foundation Extensions */ = {
			isa = PBXCopyFilesBuildPhase;
			buildActionMask = 2147483647;
			dstPath = "";
			dstSubfolderSpec = 13;
			files = (
				974FEE4D2B2604B700F2A56A /* WidgetExtension.appex in Embed Foundation Extensions */,
			);
			name = "Embed Foundation Extensions";
			runOnlyForDeploymentPostprocessing = 0;
		};
/* End PBXCopyFilesBuildPhase section */

/* Begin PBXFileReference section */
		970272EE2AC9BABF006282AB /* App.swift */ = {isa = PBXFileReference; fileEncoding = 4; lastKnownFileType = sourcecode.swift; path = App.swift; sourceTree = "<group>"; };
		970272F32AC9BAC9006282AB /* Assets.xcassets */ = {isa = PBXFileReference; lastKnownFileType = folder.assetcatalog; path = Assets.xcassets; sourceTree = "<group>"; };
		970272F62AC9BAF4006282AB /* Preview Assets.xcassets */ = {isa = PBXFileReference; lastKnownFileType = folder.assetcatalog; path = "Preview Assets.xcassets"; sourceTree = "<group>"; };
		970272F92AC9BCC5006282AB /* Constants.swift */ = {isa = PBXFileReference; lastKnownFileType = sourcecode.swift; path = Constants.swift; sourceTree = "<group>"; };
		970272FD2AC9BEF5006282AB /* SignInView.swift */ = {isa = PBXFileReference; lastKnownFileType = sourcecode.swift; path = SignInView.swift; sourceTree = "<group>"; };
		970272FF2AC9C977006282AB /* Entities.swift */ = {isa = PBXFileReference; lastKnownFileType = sourcecode.swift; path = Entities.swift; sourceTree = "<group>"; };
		970273022AC9CCCC006282AB /* ComponentViews.swift */ = {isa = PBXFileReference; lastKnownFileType = sourcecode.swift; path = ComponentViews.swift; sourceTree = "<group>"; };
		970273042AC9F6E1006282AB /* Enums.swift */ = {isa = PBXFileReference; lastKnownFileType = sourcecode.swift; path = Enums.swift; sourceTree = "<group>"; };
		970273082ACA0BE0006282AB /* SettingsView.swift */ = {isa = PBXFileReference; lastKnownFileType = sourcecode.swift; path = SettingsView.swift; sourceTree = "<group>"; };
		97360F632ACBAC4800C8F51C /* GalleryView.swift */ = {isa = PBXFileReference; lastKnownFileType = sourcecode.swift; path = GalleryView.swift; sourceTree = "<group>"; };
		9748919E2AC9BA6800DBFFA8 /* Honeycomb.app */ = {isa = PBXFileReference; explicitFileType = wrapper.application; includeInIndex = 0; path = Honeycomb.app; sourceTree = BUILT_PRODUCTS_DIR; };
		974FEE3D2B2604B600F2A56A /* WidgetExtension.appex */ = {isa = PBXFileReference; explicitFileType = "wrapper.app-extension"; includeInIndex = 0; path = WidgetExtension.appex; sourceTree = BUILT_PRODUCTS_DIR; };
		974FEE3F2B2604B600F2A56A /* WidgetKit.framework */ = {isa = PBXFileReference; lastKnownFileType = wrapper.framework; name = WidgetKit.framework; path = System/Library/Frameworks/WidgetKit.framework; sourceTree = SDKROOT; };
		974FEE412B2604B600F2A56A /* SwiftUI.framework */ = {isa = PBXFileReference; lastKnownFileType = wrapper.framework; name = SwiftUI.framework; path = System/Library/Frameworks/SwiftUI.framework; sourceTree = SDKROOT; };
		974FEE442B2604B700F2A56A /* WidgetBundle.swift */ = {isa = PBXFileReference; lastKnownFileType = sourcecode.swift; path = WidgetBundle.swift; sourceTree = "<group>"; };
		974FEE462B2604B700F2A56A /* ItemCount.swift */ = {isa = PBXFileReference; lastKnownFileType = sourcecode.swift; path = ItemCount.swift; sourceTree = "<group>"; };
		974FEE482B2604B700F2A56A /* Assets.xcassets */ = {isa = PBXFileReference; lastKnownFileType = folder.assetcatalog; path = Assets.xcassets; sourceTree = "<group>"; };
		974FEE4A2B2604B700F2A56A /* Info.plist */ = {isa = PBXFileReference; lastKnownFileType = text.plist.xml; path = Info.plist; sourceTree = "<group>"; };
		974FEE552B2635B900F2A56A /* Honeycomb.entitlements */ = {isa = PBXFileReference; lastKnownFileType = text.plist.entitlements; path = Honeycomb.entitlements; sourceTree = "<group>"; };
		974FEE562B26367900F2A56A /* WidgetExtension.entitlements */ = {isa = PBXFileReference; lastKnownFileType = text.plist.entitlements; path = WidgetExtension.entitlements; sourceTree = "<group>"; };
		974FEE5B2B264E5400F2A56A /* DataModels.swift */ = {isa = PBXFileReference; lastKnownFileType = sourcecode.swift; path = DataModels.swift; sourceTree = "<group>"; };
		974FEE5F2B265E3100F2A56A /* ServerConfig.swift */ = {isa = PBXFileReference; lastKnownFileType = sourcecode.swift; path = ServerConfig.swift; sourceTree = "<group>"; };
		97CB459B2B250550007AB339 /* JSONDecoder.swift */ = {isa = PBXFileReference; lastKnownFileType = sourcecode.swift; path = JSONDecoder.swift; sourceTree = "<group>"; };
		97D513852B1046DF00BBCF64 /* AddServerView.swift */ = {isa = PBXFileReference; lastKnownFileType = sourcecode.swift; path = AddServerView.swift; sourceTree = "<group>"; };
		97E03FB62ACA1B2200FCF810 /* PhotosView.swift */ = {isa = PBXFileReference; lastKnownFileType = sourcecode.swift; path = PhotosView.swift; sourceTree = "<group>"; };
		97E03FB82ACA1C6E00FCF810 /* DataSource.swift */ = {isa = PBXFileReference; lastKnownFileType = sourcecode.swift; path = DataSource.swift; sourceTree = "<group>"; };
		97E03FBA2ACA1DB800FCF810 /* PhotosViewModel.swift */ = {isa = PBXFileReference; lastKnownFileType = sourcecode.swift; path = PhotosViewModel.swift; sourceTree = "<group>"; };
		97E8098E2AD2E4F300A27AF3 /* AlbumsView.swift */ = {isa = PBXFileReference; lastKnownFileType = sourcecode.swift; path = AlbumsView.swift; sourceTree = "<group>"; };
		97E809902AD38D9200A27AF3 /* AlbumsViewModel.swift */ = {isa = PBXFileReference; lastKnownFileType = sourcecode.swift; path = AlbumsViewModel.swift; sourceTree = "<group>"; };
/* End PBXFileReference section */

/* Begin PBXFrameworksBuildPhase section */
		9748919B2AC9BA6800DBFFA8 /* Frameworks */ = {
			isa = PBXFrameworksBuildPhase;
			buildActionMask = 2147483647;
			files = (
			);
			runOnlyForDeploymentPostprocessing = 0;
		};
		974FEE3A2B2604B600F2A56A /* Frameworks */ = {
			isa = PBXFrameworksBuildPhase;
			buildActionMask = 2147483647;
			files = (
				974FEE422B2604B600F2A56A /* SwiftUI.framework in Frameworks */,
				974FEE402B2604B600F2A56A /* WidgetKit.framework in Frameworks */,
			);
			runOnlyForDeploymentPostprocessing = 0;
		};
/* End PBXFrameworksBuildPhase section */

/* Begin PBXGroup section */
		970272F52AC9BAF4006282AB /* Preview Content */ = {
			isa = PBXGroup;
			children = (
				970272F62AC9BAF4006282AB /* Preview Assets.xcassets */,
			);
			path = "Preview Content";
			sourceTree = "<group>";
		};
		970272F82AC9BCBB006282AB /* Model */ = {
			isa = PBXGroup;
			children = (
				974FEE5E2B265E0200F2A56A /* ServerData */,
				970272F92AC9BCC5006282AB /* Constants.swift */,
				974FEE5B2B264E5400F2A56A /* DataModels.swift */,
				97E03FB82ACA1C6E00FCF810 /* DataSource.swift */,
				970272FF2AC9C977006282AB /* Entities.swift */,
				970273042AC9F6E1006282AB /* Enums.swift */,
				97CB459B2B250550007AB339 /* JSONDecoder.swift */,
				97E809902AD38D9200A27AF3 /* AlbumsViewModel.swift */,
				97E03FBA2ACA1DB800FCF810 /* PhotosViewModel.swift */,
			);
			path = Model;
			sourceTree = "<group>";
		};
		970272FC2AC9BED2006282AB /* View */ = {
			isa = PBXGroup;
			children = (
				970273022AC9CCCC006282AB /* ComponentViews.swift */,
				97E8098E2AD2E4F300A27AF3 /* AlbumsView.swift */,
				97360F632ACBAC4800C8F51C /* GalleryView.swift */,
				97E03FB62ACA1B2200FCF810 /* PhotosView.swift */,
				970272FD2AC9BEF5006282AB /* SignInView.swift */,
				97D513852B1046DF00BBCF64 /* AddServerView.swift */,
				970273082ACA0BE0006282AB /* SettingsView.swift */,
			);
			path = View;
			sourceTree = "<group>";
		};
		974891952AC9BA6800DBFFA8 = {
			isa = PBXGroup;
			children = (
				970272F82AC9BCBB006282AB /* Model */,
				970272FC2AC9BED2006282AB /* View */,
				974FEE432B2604B700F2A56A /* Widget */,
				970272EE2AC9BABF006282AB /* App.swift */,
				970272F32AC9BAC9006282AB /* Assets.xcassets */,
				974FEE552B2635B900F2A56A /* Honeycomb.entitlements */,
				970272F52AC9BAF4006282AB /* Preview Content */,
				974FEE3E2B2604B600F2A56A /* Frameworks */,
				9748919F2AC9BA6800DBFFA8 /* Products */,
			);
			sourceTree = "<group>";
		};
		9748919F2AC9BA6800DBFFA8 /* Products */ = {
			isa = PBXGroup;
			children = (
				9748919E2AC9BA6800DBFFA8 /* Honeycomb.app */,
				974FEE3D2B2604B600F2A56A /* WidgetExtension.appex */,
			);
			name = Products;
			sourceTree = "<group>";
		};
		974FEE3E2B2604B600F2A56A /* Frameworks */ = {
			isa = PBXGroup;
			children = (
				974FEE3F2B2604B600F2A56A /* WidgetKit.framework */,
				974FEE412B2604B600F2A56A /* SwiftUI.framework */,
			);
			name = Frameworks;
			sourceTree = "<group>";
		};
		974FEE432B2604B700F2A56A /* Widget */ = {
			isa = PBXGroup;
			children = (
				974FEE442B2604B700F2A56A /* WidgetBundle.swift */,
				974FEE462B2604B700F2A56A /* ItemCount.swift */,
				974FEE482B2604B700F2A56A /* Assets.xcassets */,
				974FEE562B26367900F2A56A /* WidgetExtension.entitlements */,
				974FEE4A2B2604B700F2A56A /* Info.plist */,
			);
			path = Widget;
			sourceTree = "<group>";
		};
		974FEE5E2B265E0200F2A56A /* ServerData */ = {
			isa = PBXGroup;
			children = (
				974FEE5F2B265E3100F2A56A /* ServerConfig.swift */,
			);
			path = ServerData;
			sourceTree = "<group>";
		};
/* End PBXGroup section */

/* Begin PBXNativeTarget section */
		9748919D2AC9BA6800DBFFA8 /* Honeycomb */ = {
			isa = PBXNativeTarget;
			buildConfigurationList = 974891AE2AC9BA6800DBFFA8 /* Build configuration list for PBXNativeTarget "Honeycomb" */;
			buildPhases = (
				970272FB2AC9BDAF006282AB /* ShellScript */,
				9748919A2AC9BA6800DBFFA8 /* Sources */,
				9748919B2AC9BA6800DBFFA8 /* Frameworks */,
				9748919C2AC9BA6800DBFFA8 /* Resources */,
				974FEE4E2B2604B800F2A56A /* Embed Foundation Extensions */,
			);
			buildRules = (
			);
			dependencies = (
				974FEE4C2B2604B700F2A56A /* PBXTargetDependency */,
			);
			name = Honeycomb;
			productName = Honeycomb;
			productReference = 9748919E2AC9BA6800DBFFA8 /* Honeycomb.app */;
			productType = "com.apple.product-type.application";
		};
		974FEE3C2B2604B600F2A56A /* WidgetExtension */ = {
			isa = PBXNativeTarget;
			buildConfigurationList = 974FEE512B2604B800F2A56A /* Build configuration list for PBXNativeTarget "WidgetExtension" */;
			buildPhases = (
				974FEE392B2604B600F2A56A /* Sources */,
				974FEE3A2B2604B600F2A56A /* Frameworks */,
				974FEE3B2B2604B600F2A56A /* Resources */,
			);
			buildRules = (
			);
			dependencies = (
			);
			name = WidgetExtension;
			productName = WidgetExtension;
			productReference = 974FEE3D2B2604B600F2A56A /* WidgetExtension.appex */;
			productType = "com.apple.product-type.app-extension";
		};
/* End PBXNativeTarget section */

/* Begin PBXProject section */
		974891962AC9BA6800DBFFA8 /* Project object */ = {
			isa = PBXProject;
			attributes = {
				BuildIndependentTargetsInParallel = 1;
				LastSwiftUpdateCheck = 1500;
				LastUpgradeCheck = 1500;
				TargetAttributes = {
					9748919D2AC9BA6800DBFFA8 = {
						CreatedOnToolsVersion = 15.0;
					};
					974FEE3C2B2604B600F2A56A = {
						CreatedOnToolsVersion = 15.0.1;
					};
				};
			};
			buildConfigurationList = 974891992AC9BA6800DBFFA8 /* Build configuration list for PBXProject "Honeycomb" */;
			compatibilityVersion = "Xcode 14.0";
			developmentRegion = en;
			hasScannedForEncodings = 0;
			knownRegions = (
				en,
				Base,
			);
			mainGroup = 974891952AC9BA6800DBFFA8;
			productRefGroup = 9748919F2AC9BA6800DBFFA8 /* Products */;
			projectDirPath = "";
			projectRoot = "";
			targets = (
				9748919D2AC9BA6800DBFFA8 /* Honeycomb */,
				974FEE3C2B2604B600F2A56A /* WidgetExtension */,
			);
		};
/* End PBXProject section */

/* Begin PBXResourcesBuildPhase section */
		9748919C2AC9BA6800DBFFA8 /* Resources */ = {
			isa = PBXResourcesBuildPhase;
			buildActionMask = 2147483647;
			files = (
				970272F72AC9BAF4006282AB /* Preview Assets.xcassets in Resources */,
				970272F42AC9BAC9006282AB /* Assets.xcassets in Resources */,
			);
			runOnlyForDeploymentPostprocessing = 0;
		};
		974FEE3B2B2604B600F2A56A /* Resources */ = {
			isa = PBXResourcesBuildPhase;
			buildActionMask = 2147483647;
			files = (
				974FEE492B2604B700F2A56A /* Assets.xcassets in Resources */,
			);
			runOnlyForDeploymentPostprocessing = 0;
		};
/* End PBXResourcesBuildPhase section */

/* Begin PBXShellScriptBuildPhase section */
		970272FB2AC9BDAF006282AB /* ShellScript */ = {
			isa = PBXShellScriptBuildPhase;
			alwaysOutOfDate = 1;
			buildActionMask = 2147483647;
			files = (
			);
			inputFileListPaths = (
			);
			inputPaths = (
			);
			outputFileListPaths = (
			);
			outputPaths = (
			);
			runOnlyForDeploymentPostprocessing = 0;
			shellPath = /bin/sh;
			shellScript = "if [[ \"$(uname -m)\" == arm64 ]]; then\n    export PATH=\"/opt/homebrew/bin:$PATH\"\nfi\n\nif which swiftlint > /dev/null; then\n  swiftlint\nelse\n  echo \"warning: SwiftLint not installed, download from https://github.com/realm/SwiftLint\"\nfi\n";
		};
/* End PBXShellScriptBuildPhase section */

/* Begin PBXSourcesBuildPhase section */
		9748919A2AC9BA6800DBFFA8 /* Sources */ = {
			isa = PBXSourcesBuildPhase;
			buildActionMask = 2147483647;
			files = (
				970273002AC9C977006282AB /* Entities.swift in Sources */,
				970272F12AC9BABF006282AB /* App.swift in Sources */,
				97E8098F2AD2E4F300A27AF3 /* AlbumsView.swift in Sources */,
				97D513862B1046DF00BBCF64 /* AddServerView.swift in Sources */,
				970273092ACA0BE0006282AB /* SettingsView.swift in Sources */,
				97360F642ACBAC4800C8F51C /* GalleryView.swift in Sources */,
				97E809912AD38D9200A27AF3 /* AlbumsViewModel.swift in Sources */,
				970272FA2AC9BCC5006282AB /* Constants.swift in Sources */,
				970273032AC9CCCC006282AB /* ComponentViews.swift in Sources */,
				974FEE602B265E3100F2A56A /* ServerConfig.swift in Sources */,
				974FEE5C2B264E5400F2A56A /* DataModels.swift in Sources */,
				97E03FB72ACA1B2200FCF810 /* PhotosView.swift in Sources */,
				970273052AC9F6E1006282AB /* Enums.swift in Sources */,
				97E03FBB2ACA1DB800FCF810 /* PhotosViewModel.swift in Sources */,
				97CB459C2B250550007AB339 /* JSONDecoder.swift in Sources */,
				97E03FB92ACA1C6E00FCF810 /* DataSource.swift in Sources */,
				970272FE2AC9BEF5006282AB /* SignInView.swift in Sources */,
			);
			runOnlyForDeploymentPostprocessing = 0;
		};
		974FEE392B2604B600F2A56A /* Sources */ = {
			isa = PBXSourcesBuildPhase;
			buildActionMask = 2147483647;
			files = (
				974FEE622B265EE200F2A56A /* ServerConfig.swift in Sources */,
				974FEE612B265EBD00F2A56A /* JSONDecoder.swift in Sources */,
				974FEE5D2B264E8000F2A56A /* DataModels.swift in Sources */,
				974FEE452B2604B700F2A56A /* WidgetBundle.swift in Sources */,
				974FEE472B2604B700F2A56A /* ItemCount.swift in Sources */,
			);
			runOnlyForDeploymentPostprocessing = 0;
		};
/* End PBXSourcesBuildPhase section */

/* Begin PBXTargetDependency section */
		974FEE4C2B2604B700F2A56A /* PBXTargetDependency */ = {
			isa = PBXTargetDependency;
			target = 974FEE3C2B2604B600F2A56A /* WidgetExtension */;
			targetProxy = 974FEE4B2B2604B700F2A56A /* PBXContainerItemProxy */;
		};
/* End PBXTargetDependency section */

/* Begin XCBuildConfiguration section */
		974891AC2AC9BA6800DBFFA8 /* Debug */ = {
			isa = XCBuildConfiguration;
			buildSettings = {
				ALWAYS_SEARCH_USER_PATHS = NO;
				ASSETCATALOG_COMPILER_GENERATE_SWIFT_ASSET_SYMBOL_EXTENSIONS = YES;
				CLANG_ANALYZER_NONNULL = YES;
				CLANG_ANALYZER_NUMBER_OBJECT_CONVERSION = YES_AGGRESSIVE;
				CLANG_CXX_LANGUAGE_STANDARD = "gnu++20";
				CLANG_ENABLE_MODULES = YES;
				CLANG_ENABLE_OBJC_ARC = YES;
				CLANG_ENABLE_OBJC_WEAK = YES;
				CLANG_WARN_BLOCK_CAPTURE_AUTORELEASING = YES;
				CLANG_WARN_BOOL_CONVERSION = YES;
				CLANG_WARN_COMMA = YES;
				CLANG_WARN_CONSTANT_CONVERSION = YES;
				CLANG_WARN_DEPRECATED_OBJC_IMPLEMENTATIONS = YES;
				CLANG_WARN_DIRECT_OBJC_ISA_USAGE = YES_ERROR;
				CLANG_WARN_DOCUMENTATION_COMMENTS = YES;
				CLANG_WARN_EMPTY_BODY = YES;
				CLANG_WARN_ENUM_CONVERSION = YES;
				CLANG_WARN_INFINITE_RECURSION = YES;
				CLANG_WARN_INT_CONVERSION = YES;
				CLANG_WARN_NON_LITERAL_NULL_CONVERSION = YES;
				CLANG_WARN_OBJC_IMPLICIT_RETAIN_SELF = YES;
				CLANG_WARN_OBJC_LITERAL_CONVERSION = YES;
				CLANG_WARN_OBJC_ROOT_CLASS = YES_ERROR;
				CLANG_WARN_QUOTED_INCLUDE_IN_FRAMEWORK_HEADER = YES;
				CLANG_WARN_RANGE_LOOP_ANALYSIS = YES;
				CLANG_WARN_STRICT_PROTOTYPES = YES;
				CLANG_WARN_SUSPICIOUS_MOVE = YES;
				CLANG_WARN_UNGUARDED_AVAILABILITY = YES_AGGRESSIVE;
				CLANG_WARN_UNREACHABLE_CODE = YES;
				CLANG_WARN__DUPLICATE_METHOD_MATCH = YES;
				COPY_PHASE_STRIP = NO;
				DEBUG_INFORMATION_FORMAT = dwarf;
				ENABLE_STRICT_OBJC_MSGSEND = YES;
				ENABLE_TESTABILITY = YES;
				ENABLE_USER_SCRIPT_SANDBOXING = NO;
				GCC_C_LANGUAGE_STANDARD = gnu17;
				GCC_DYNAMIC_NO_PIC = NO;
				GCC_NO_COMMON_BLOCKS = YES;
				GCC_OPTIMIZATION_LEVEL = 0;
				GCC_PREPROCESSOR_DEFINITIONS = (
					"DEBUG=1",
					"$(inherited)",
				);
				GCC_WARN_64_TO_32_BIT_CONVERSION = YES;
				GCC_WARN_ABOUT_RETURN_TYPE = YES_ERROR;
				GCC_WARN_UNDECLARED_SELECTOR = YES;
				GCC_WARN_UNINITIALIZED_AUTOS = YES_AGGRESSIVE;
				GCC_WARN_UNUSED_FUNCTION = YES;
				GCC_WARN_UNUSED_VARIABLE = YES;
				IPHONEOS_DEPLOYMENT_TARGET = 17.0;
				LOCALIZATION_PREFERS_STRING_CATALOGS = YES;
				MTL_ENABLE_DEBUG_INFO = INCLUDE_SOURCE;
				MTL_FAST_MATH = YES;
				ONLY_ACTIVE_ARCH = YES;
				SDKROOT = iphoneos;
				SWIFT_ACTIVE_COMPILATION_CONDITIONS = "DEBUG $(inherited)";
				SWIFT_OPTIMIZATION_LEVEL = "-Onone";
				SWIFT_STRICT_CONCURRENCY = minimal;
			};
			name = Debug;
		};
		974891AD2AC9BA6800DBFFA8 /* Release */ = {
			isa = XCBuildConfiguration;
			buildSettings = {
				ALWAYS_SEARCH_USER_PATHS = NO;
				ASSETCATALOG_COMPILER_GENERATE_SWIFT_ASSET_SYMBOL_EXTENSIONS = YES;
				CLANG_ANALYZER_NONNULL = YES;
				CLANG_ANALYZER_NUMBER_OBJECT_CONVERSION = YES_AGGRESSIVE;
				CLANG_CXX_LANGUAGE_STANDARD = "gnu++20";
				CLANG_ENABLE_MODULES = YES;
				CLANG_ENABLE_OBJC_ARC = YES;
				CLANG_ENABLE_OBJC_WEAK = YES;
				CLANG_WARN_BLOCK_CAPTURE_AUTORELEASING = YES;
				CLANG_WARN_BOOL_CONVERSION = YES;
				CLANG_WARN_COMMA = YES;
				CLANG_WARN_CONSTANT_CONVERSION = YES;
				CLANG_WARN_DEPRECATED_OBJC_IMPLEMENTATIONS = YES;
				CLANG_WARN_DIRECT_OBJC_ISA_USAGE = YES_ERROR;
				CLANG_WARN_DOCUMENTATION_COMMENTS = YES;
				CLANG_WARN_EMPTY_BODY = YES;
				CLANG_WARN_ENUM_CONVERSION = YES;
				CLANG_WARN_INFINITE_RECURSION = YES;
				CLANG_WARN_INT_CONVERSION = YES;
				CLANG_WARN_NON_LITERAL_NULL_CONVERSION = YES;
				CLANG_WARN_OBJC_IMPLICIT_RETAIN_SELF = YES;
				CLANG_WARN_OBJC_LITERAL_CONVERSION = YES;
				CLANG_WARN_OBJC_ROOT_CLASS = YES_ERROR;
				CLANG_WARN_QUOTED_INCLUDE_IN_FRAMEWORK_HEADER = YES;
				CLANG_WARN_RANGE_LOOP_ANALYSIS = YES;
				CLANG_WARN_STRICT_PROTOTYPES = YES;
				CLANG_WARN_SUSPICIOUS_MOVE = YES;
				CLANG_WARN_UNGUARDED_AVAILABILITY = YES_AGGRESSIVE;
				CLANG_WARN_UNREACHABLE_CODE = YES;
				CLANG_WARN__DUPLICATE_METHOD_MATCH = YES;
				COPY_PHASE_STRIP = NO;
				DEBUG_INFORMATION_FORMAT = "dwarf-with-dsym";
				ENABLE_NS_ASSERTIONS = NO;
				ENABLE_STRICT_OBJC_MSGSEND = YES;
				ENABLE_USER_SCRIPT_SANDBOXING = NO;
				GCC_C_LANGUAGE_STANDARD = gnu17;
				GCC_NO_COMMON_BLOCKS = YES;
				GCC_WARN_64_TO_32_BIT_CONVERSION = YES;
				GCC_WARN_ABOUT_RETURN_TYPE = YES_ERROR;
				GCC_WARN_UNDECLARED_SELECTOR = YES;
				GCC_WARN_UNINITIALIZED_AUTOS = YES_AGGRESSIVE;
				GCC_WARN_UNUSED_FUNCTION = YES;
				GCC_WARN_UNUSED_VARIABLE = YES;
				IPHONEOS_DEPLOYMENT_TARGET = 17.0;
				LOCALIZATION_PREFERS_STRING_CATALOGS = YES;
				MTL_ENABLE_DEBUG_INFO = NO;
				MTL_FAST_MATH = YES;
				SDKROOT = iphoneos;
				SWIFT_COMPILATION_MODE = wholemodule;
				SWIFT_STRICT_CONCURRENCY = minimal;
				VALIDATE_PRODUCT = YES;
			};
			name = Release;
		};
		974891AF2AC9BA6800DBFFA8 /* Debug */ = {
			isa = XCBuildConfiguration;
			buildSettings = {
				ALWAYS_EMBED_SWIFT_STANDARD_LIBRARIES = YES;
				ASSETCATALOG_COMPILER_APPICON_NAME = AppIcon;
				ASSETCATALOG_COMPILER_GLOBAL_ACCENT_COLOR_NAME = AccentColor;
				CODE_SIGN_ENTITLEMENTS = Honeycomb.entitlements;
				CODE_SIGN_STYLE = Automatic;
				CURRENT_PROJECT_VERSION = 1;
				DEVELOPMENT_ASSET_PATHS = "\"Preview Content\"";
				DEVELOPMENT_TEAM = L7HWM3SP3L;
				ENABLE_PREVIEWS = YES;
				GENERATE_INFOPLIST_FILE = YES;
				INFOPLIST_KEY_UIApplicationSceneManifest_Generation = YES;
				INFOPLIST_KEY_UIApplicationSupportsIndirectInputEvents = YES;
				INFOPLIST_KEY_UILaunchScreen_Generation = YES;
				INFOPLIST_KEY_UISupportedInterfaceOrientations_iPad = "UIInterfaceOrientationPortrait UIInterfaceOrientationPortraitUpsideDown UIInterfaceOrientationLandscapeLeft UIInterfaceOrientationLandscapeRight";
				INFOPLIST_KEY_UISupportedInterfaceOrientations_iPhone = "UIInterfaceOrientationPortrait UIInterfaceOrientationLandscapeLeft UIInterfaceOrientationLandscapeRight";
				LD_RUNPATH_SEARCH_PATHS = (
					"$(inherited)",
					"@executable_path/Frameworks",
				);
				MARKETING_VERSION = 1.0;
				PRODUCT_BUNDLE_IDENTIFIER = dev.chrisli.Honeycomb;
				PRODUCT_NAME = "$(TARGET_NAME)";
				SWIFT_EMIT_LOC_STRINGS = YES;
				SWIFT_VERSION = 5.0;
				TARGETED_DEVICE_FAMILY = "1,2";
			};
			name = Debug;
		};
		974891B02AC9BA6800DBFFA8 /* Release */ = {
			isa = XCBuildConfiguration;
			buildSettings = {
				ALWAYS_EMBED_SWIFT_STANDARD_LIBRARIES = YES;
				ASSETCATALOG_COMPILER_APPICON_NAME = AppIcon;
				ASSETCATALOG_COMPILER_GLOBAL_ACCENT_COLOR_NAME = AccentColor;
				CODE_SIGN_ENTITLEMENTS = Honeycomb.entitlements;
				CODE_SIGN_STYLE = Automatic;
				CURRENT_PROJECT_VERSION = 1;
				DEVELOPMENT_ASSET_PATHS = "\"Preview Content\"";
				DEVELOPMENT_TEAM = L7HWM3SP3L;
				ENABLE_PREVIEWS = YES;
				GENERATE_INFOPLIST_FILE = YES;
				INFOPLIST_KEY_UIApplicationSceneManifest_Generation = YES;
				INFOPLIST_KEY_UIApplicationSupportsIndirectInputEvents = YES;
				INFOPLIST_KEY_UILaunchScreen_Generation = YES;
				INFOPLIST_KEY_UISupportedInterfaceOrientations_iPad = "UIInterfaceOrientationPortrait UIInterfaceOrientationPortraitUpsideDown UIInterfaceOrientationLandscapeLeft UIInterfaceOrientationLandscapeRight";
				INFOPLIST_KEY_UISupportedInterfaceOrientations_iPhone = "UIInterfaceOrientationPortrait UIInterfaceOrientationLandscapeLeft UIInterfaceOrientationLandscapeRight";
				LD_RUNPATH_SEARCH_PATHS = (
					"$(inherited)",
					"@executable_path/Frameworks",
				);
				MARKETING_VERSION = 1.0;
				PRODUCT_BUNDLE_IDENTIFIER = dev.chrisli.Honeycomb;
				PRODUCT_NAME = "$(TARGET_NAME)";
				SWIFT_EMIT_LOC_STRINGS = YES;
				SWIFT_VERSION = 5.0;
				TARGETED_DEVICE_FAMILY = "1,2";
			};
			name = Release;
		};
		974FEE4F2B2604B800F2A56A /* Debug */ = {
			isa = XCBuildConfiguration;
			buildSettings = {
				ASSETCATALOG_COMPILER_GLOBAL_ACCENT_COLOR_NAME = AccentColor;
				ASSETCATALOG_COMPILER_WIDGET_BACKGROUND_COLOR_NAME = WidgetBackground;
				CODE_SIGN_ENTITLEMENTS = Widget/WidgetExtension.entitlements;
				CODE_SIGN_STYLE = Automatic;
				CURRENT_PROJECT_VERSION = 1;
				DEVELOPMENT_TEAM = L7HWM3SP3L;
				ENABLE_USER_SCRIPT_SANDBOXING = YES;
				GENERATE_INFOPLIST_FILE = YES;
				INFOPLIST_FILE = Widget/Info.plist;
				INFOPLIST_KEY_CFBundleDisplayName = Widget;
				INFOPLIST_KEY_NSHumanReadableCopyright = "";
				LD_RUNPATH_SEARCH_PATHS = (
					"$(inherited)",
					"@executable_path/Frameworks",
					"@executable_path/../../Frameworks",
				);
				MARKETING_VERSION = 1.0;
				PRODUCT_BUNDLE_IDENTIFIER = dev.chrisli.Honeycomb.Widget;
				PRODUCT_NAME = "$(TARGET_NAME)";
				SKIP_INSTALL = YES;
				SWIFT_EMIT_LOC_STRINGS = YES;
				SWIFT_VERSION = 5.0;
				TARGETED_DEVICE_FAMILY = "1,2";
			};
			name = Debug;
		};
		974FEE502B2604B800F2A56A /* Release */ = {
			isa = XCBuildConfiguration;
			buildSettings = {
				ASSETCATALOG_COMPILER_GLOBAL_ACCENT_COLOR_NAME = AccentColor;
				ASSETCATALOG_COMPILER_WIDGET_BACKGROUND_COLOR_NAME = WidgetBackground;
				CODE_SIGN_ENTITLEMENTS = Widget/WidgetExtension.entitlements;
				CODE_SIGN_STYLE = Automatic;
				CURRENT_PROJECT_VERSION = 1;
				DEVELOPMENT_TEAM = L7HWM3SP3L;
				ENABLE_USER_SCRIPT_SANDBOXING = YES;
				GENERATE_INFOPLIST_FILE = YES;
				INFOPLIST_FILE = Widget/Info.plist;
				INFOPLIST_KEY_CFBundleDisplayName = Widget;
				INFOPLIST_KEY_NSHumanReadableCopyright = "";
				LD_RUNPATH_SEARCH_PATHS = (
					"$(inherited)",
					"@executable_path/Frameworks",
					"@executable_path/../../Frameworks",
				);
				MARKETING_VERSION = 1.0;
				PRODUCT_BUNDLE_IDENTIFIER = dev.chrisli.Honeycomb.Widget;
				PRODUCT_NAME = "$(TARGET_NAME)";
				SKIP_INSTALL = YES;
				SWIFT_EMIT_LOC_STRINGS = YES;
				SWIFT_VERSION = 5.0;
				TARGETED_DEVICE_FAMILY = "1,2";
			};
			name = Release;
		};
/* End XCBuildConfiguration section */

/* Begin XCConfigurationList section */
		974891992AC9BA6800DBFFA8 /* Build configuration list for PBXProject "Honeycomb" */ = {
			isa = XCConfigurationList;
			buildConfigurations = (
				974891AC2AC9BA6800DBFFA8 /* Debug */,
				974891AD2AC9BA6800DBFFA8 /* Release */,
			);
			defaultConfigurationIsVisible = 0;
			defaultConfigurationName = Release;
		};
		974891AE2AC9BA6800DBFFA8 /* Build configuration list for PBXNativeTarget "Honeycomb" */ = {
			isa = XCConfigurationList;
			buildConfigurations = (
				974891AF2AC9BA6800DBFFA8 /* Debug */,
				974891B02AC9BA6800DBFFA8 /* Release */,
			);
			defaultConfigurationIsVisible = 0;
			defaultConfigurationName = Release;
		};
		974FEE512B2604B800F2A56A /* Build configuration list for PBXNativeTarget "WidgetExtension" */ = {
			isa = XCConfigurationList;
			buildConfigurations = (
				974FEE4F2B2604B800F2A56A /* Debug */,
				974FEE502B2604B800F2A56A /* Release */,
			);
			defaultConfigurationIsVisible = 0;
			defaultConfigurationName = Release;
		};
/* End XCConfigurationList section */
	};
	rootObject = 974891962AC9BA6800DBFFA8 /* Project object */;
}
